
Microsoft Visual Studio Solution File, Format Version 12.00
# Visual Studio 15
VisualStudioVersion = 15.0.26430.16
MinimumVisualStudioVersion = 10.0.40219.1
Project("{FAE04EC0-301F-11D3-BF4B-00C04F79EFBC}") = "TTOS0300-User-Interface-Programming", "TTOS0300-User-Interface-Programming.csproj", "{089E8F2F-485D-4916-BC5C-573A5C77F2FE}"
EndProject
Global
	GlobalSection(SolutionConfigurationPlatforms) = preSolution
		Debug|Any CPU = Debug|Any CPU
		Release|Any CPU = Release|Any CPU
	EndGlobalSection
	GlobalSection(ProjectConfigurationPlatforms) = postSolution
		{089E8F2F-485D-4916-BC5C-573A5C77F2FE}.Debug|Any CPU.ActiveCfg = Debug|Any CPU
		{089E8F2F-485D-4916-BC5C-573A5C77F2FE}.Debug|Any CPU.Build.0 = Debug|Any CPU
		{089E8F2F-485D-4916-BC5C-573A5C77F2FE}.Release|Any CPU.ActiveCfg = Release|Any CPU
		{089E8F2F-485D-4916-BC5C-573A5C77F2FE}.Release|Any CPU.Build.0 = Release|Any CPU
	EndGlobalSection
	GlobalSection(SolutionProperties) = preSolution
		HideSolutionNode = FALSE
	EndGlobalSection
EndGlobal
